
Microsoft Visual Studio Solution File, Format Version 12.00
# Visual Studio Version 16
VisualStudioVersion = 16.0.31729.503
MinimumVisualStudioVersion = 10.0.40219.1
Project("{FAE04EC0-301F-11D3-BF4B-00C04F79EFBC}") = "dz2_6", "dz2_6\dz2_6.csproj", "{FD68E4AA-965B-4EBA-9743-66BE9CA9DCBD}"
EndProject
Global
	GlobalSection(SolutionConfigurationPlatforms) = preSolution
		Debug|Any CPU = Debug|Any CPU
		Release|Any CPU = Release|Any CPU
	EndGlobalSection
	GlobalSection(ProjectConfigurationPlatforms) = postSolution
		{FD68E4AA-965B-4EBA-9743-66BE9CA9DCBD}.Debug|Any CPU.ActiveCfg = Debug|Any CPU
		{FD68E4AA-965B-4EBA-9743-66BE9CA9DCBD}.Debug|Any CPU.Build.0 = Debug|Any CPU
		{FD68E4AA-965B-4EBA-9743-66BE9CA9DCBD}.Release|Any CPU.ActiveCfg = Release|Any CPU
		{FD68E4AA-965B-4EBA-9743-66BE9CA9DCBD}.Release|Any CPU.Build.0 = Release|Any CPU
	EndGlobalSection
	GlobalSection(SolutionProperties) = preSolution
		HideSolutionNode = FALSE
	EndGlobalSection
	GlobalSection(ExtensibilityGlobals) = postSolution
		SolutionGuid = {6DFEFB05-B80D-4619-9F91-0F82DEA812C4}
	EndGlobalSection
EndGlobal
