
Microsoft Visual Studio Solution File, Format Version 12.00
# Visual Studio Version 16
VisualStudioVersion = 16.0.31729.503
MinimumVisualStudioVersion = 10.0.40219.1
Project("{FAE04EC0-301F-11D3-BF4B-00C04F79EFBC}") = "dz2_3", "dz2_3\dz2_3.csproj", "{2479662F-3ABA-496A-9289-7E92D88E07A0}"
EndProject
Global
	GlobalSection(SolutionConfigurationPlatforms) = preSolution
		Debug|Any CPU = Debug|Any CPU
		Release|Any CPU = Release|Any CPU
	EndGlobalSection
	GlobalSection(ProjectConfigurationPlatforms) = postSolution
		{2479662F-3ABA-496A-9289-7E92D88E07A0}.Debug|Any CPU.ActiveCfg = Debug|Any CPU
		{2479662F-3ABA-496A-9289-7E92D88E07A0}.Debug|Any CPU.Build.0 = Debug|Any CPU
		{2479662F-3ABA-496A-9289-7E92D88E07A0}.Release|Any CPU.ActiveCfg = Release|Any CPU
		{2479662F-3ABA-496A-9289-7E92D88E07A0}.Release|Any CPU.Build.0 = Release|Any CPU
	EndGlobalSection
	GlobalSection(SolutionProperties) = preSolution
		HideSolutionNode = FALSE
	EndGlobalSection
	GlobalSection(ExtensibilityGlobals) = postSolution
		SolutionGuid = {D0B44894-5461-40B7-8CB5-873B2538DA48}
	EndGlobalSection
EndGlobal
